
Microsoft Visual Studio Solution File, Format Version 12.00
# Visual Studio Version 17
VisualStudioVersion = 17.1.32210.238
MinimumVisualStudioVersion = 10.0.40219.1
Project("{FAE04EC0-301F-11D3-BF4B-00C04F79EFBC}") = "TesteBOOSTIT", "TesteBOOSTIT.csproj", "{D41B45A3-3818-44AB-8E08-B938B5F9D479}"
EndProject
Global
	GlobalSection(SolutionConfigurationPlatforms) = preSolution
		Debug|Any CPU = Debug|Any CPU
		Release|Any CPU = Release|Any CPU
	EndGlobalSection
	GlobalSection(ProjectConfigurationPlatforms) = postSolution
		{D41B45A3-3818-44AB-8E08-B938B5F9D479}.Debug|Any CPU.ActiveCfg = Debug|Any CPU
		{D41B45A3-3818-44AB-8E08-B938B5F9D479}.Debug|Any CPU.Build.0 = Debug|Any CPU
		{D41B45A3-3818-44AB-8E08-B938B5F9D479}.Release|Any CPU.ActiveCfg = Release|Any CPU
		{D41B45A3-3818-44AB-8E08-B938B5F9D479}.Release|Any CPU.Build.0 = Release|Any CPU
	EndGlobalSection
	GlobalSection(SolutionProperties) = preSolution
		HideSolutionNode = FALSE
	EndGlobalSection
	GlobalSection(ExtensibilityGlobals) = postSolution
		SolutionGuid = {5CB80A3B-9C41-47A1-8E02-33452AA75908}
	EndGlobalSection
EndGlobal
